
Microsoft Visual Studio Solution File, Format Version 12.00
# Visual Studio Version 16
VisualStudioVersion = 16.0.29728.190
MinimumVisualStudioVersion = 10.0.40219.1
Project("{FAE04EC0-301F-11D3-BF4B-00C04F79EFBC}") = "UserService", "UserService\UserService.csproj", "{B38303DA-5468-466A-92B9-45DF96A3939D}"
EndProject
Global
	GlobalSection(SolutionConfigurationPlatforms) = preSolution
		Debug|Any CPU = Debug|Any CPU
		Release|Any CPU = Release|Any CPU
	EndGlobalSection
	GlobalSection(ProjectConfigurationPlatforms) = postSolution
		{B38303DA-5468-466A-92B9-45DF96A3939D}.Debug|Any CPU.ActiveCfg = Debug|Any CPU
		{B38303DA-5468-466A-92B9-45DF96A3939D}.Debug|Any CPU.Build.0 = Debug|Any CPU
		{B38303DA-5468-466A-92B9-45DF96A3939D}.Release|Any CPU.ActiveCfg = Release|Any CPU
		{B38303DA-5468-466A-92B9-45DF96A3939D}.Release|Any CPU.Build.0 = Release|Any CPU
	EndGlobalSection
	GlobalSection(SolutionProperties) = preSolution
		HideSolutionNode = FALSE
	EndGlobalSection
	GlobalSection(ExtensibilityGlobals) = postSolution
		SolutionGuid = {343A9131-147F-4007-ACA3-16BA6479B10D}
	EndGlobalSection
EndGlobal
